# THIS IS AN AUTOGENERATED FILE. DO NOT EDIT THIS FILE DIRECTLY.
# yarn lockfile v1


bootstrap-4-grid@^3.4.0:
  version "3.4.0"
  resolved "https://registry.yarnpkg.com/bootstrap-4-grid/-/bootstrap-4-grid-3.4.0.tgz#62769a992484b9338a0e7219842c90aa70e62f54"
  integrity sha512-0bemukOEqWgO3Fd1SPFd2yUTEuqLBsPOfX7haNTw4iAbZAqW8doSbqu7VBo1sKBP73mAJMLquIgGCRVBPTDZ8A==

hover.css@^2.3.2:
  version "2.3.2"
  resolved "https://registry.yarnpkg.com/hover.css/-/hover.css-2.3.2.tgz#f07193d9c7409d4e395134d3b2215b99eb55e0d3"
  integrity sha1-8HGT2cdAnU45UTTTsiFbmetV4NM=

insert-css@0.0.0:
  version "0.0.0"
  resolved "https://registry.yarnpkg.com/insert-css/-/insert-css-0.0.0.tgz#2304bfa6f893abecb8ff9ca8d9c7605d94cf2911"
  integrity sha1-IwS/pviTq+y4/5yo2cdgXZTPKRE=

normalize-css@^2.3.1:
  version "2.3.1"
  resolved "https://registry.yarnpkg.com/normalize-css/-/normalize-css-2.3.1.tgz#fc03e3b91e3a51aa7a1836bae7b2b6ac6d51e156"
  integrity sha1-/APjuR46Uap6GDa657K2rG1R4VY=
  dependencies:
    insert-css "0.0.0"
